
Microsoft Visual Studio Solution File, Format Version 12.00
# Visual Studio Version 17
VisualStudioVersion = 17.5.002.0
MinimumVisualStudioVersion = 10.0.40219.1
Project("{9A19103F-16F7-4668-BE54-9A1E7A4F7556}") = "PokemonReviewApp", "PokemonReviewApp.csproj", "{C7B3FB10-EAF0-4E87-A2C7-490D9485D2AA}"
EndProject
Global
	GlobalSection(SolutionConfigurationPlatforms) = preSolution
		Debug|Any CPU = Debug|Any CPU
		Release|Any CPU = Release|Any CPU
	EndGlobalSection
	GlobalSection(ProjectConfigurationPlatforms) = postSolution
		{C7B3FB10-EAF0-4E87-A2C7-490D9485D2AA}.Debug|Any CPU.ActiveCfg = Debug|Any CPU
		{C7B3FB10-EAF0-4E87-A2C7-490D9485D2AA}.Debug|Any CPU.Build.0 = Debug|Any CPU
		{C7B3FB10-EAF0-4E87-A2C7-490D9485D2AA}.Release|Any CPU.ActiveCfg = Release|Any CPU
		{C7B3FB10-EAF0-4E87-A2C7-490D9485D2AA}.Release|Any CPU.Build.0 = Release|Any CPU
	EndGlobalSection
	GlobalSection(SolutionProperties) = preSolution
		HideSolutionNode = FALSE
	EndGlobalSection
	GlobalSection(ExtensibilityGlobals) = postSolution
		SolutionGuid = {3C1CE89A-2345-45D3-8498-E6961898E490}
	EndGlobalSection
EndGlobal
